
Microsoft Visual Studio Solution File, Format Version 12.00
# Visual Studio Version 16
VisualStudioVersion = 16.0.810.16
MinimumVisualStudioVersion = 10.0.40219.1
Project("{FAE04EC0-301F-11D3-BF4B-00C04F79EFBC}") = "SinavSistemi.API", "SinavSistemi.API\SinavSistemi.API.csproj", "{10C4B8D5-2122-450D-9508-AA0FD18D8F13}"
EndProject
Project("{FAE04EC0-301F-11D3-BF4B-00C04F79EFBC}") = "SinavSistemi.UI", "SinavSistemi.UI\SinavSistemi.UI.csproj", "{FA1A8840-9242-4CE4-BCB9-5266AD981D3A}"
EndProject
Global
	GlobalSection(SolutionConfigurationPlatforms) = preSolution
		Debug|Any CPU = Debug|Any CPU
		Release|Any CPU = Release|Any CPU
	EndGlobalSection
	GlobalSection(ProjectConfigurationPlatforms) = postSolution
		{10C4B8D5-2122-450D-9508-AA0FD18D8F13}.Debug|Any CPU.ActiveCfg = Debug|Any CPU
		{10C4B8D5-2122-450D-9508-AA0FD18D8F13}.Debug|Any CPU.Build.0 = Debug|Any CPU
		{10C4B8D5-2122-450D-9508-AA0FD18D8F13}.Release|Any CPU.ActiveCfg = Release|Any CPU
		{10C4B8D5-2122-450D-9508-AA0FD18D8F13}.Release|Any CPU.Build.0 = Release|Any CPU
		{FA1A8840-9242-4CE4-BCB9-5266AD981D3A}.Debug|Any CPU.ActiveCfg = Debug|Any CPU
		{FA1A8840-9242-4CE4-BCB9-5266AD981D3A}.Debug|Any CPU.Build.0 = Debug|Any CPU
		{FA1A8840-9242-4CE4-BCB9-5266AD981D3A}.Release|Any CPU.ActiveCfg = Release|Any CPU
		{FA1A8840-9242-4CE4-BCB9-5266AD981D3A}.Release|Any CPU.Build.0 = Release|Any CPU
	EndGlobalSection
	GlobalSection(SolutionProperties) = preSolution
		HideSolutionNode = FALSE
	EndGlobalSection
	GlobalSection(ExtensibilityGlobals) = postSolution
		SolutionGuid = {FDF3141E-B700-4BBD-AA6E-5D18B6469D51}
	EndGlobalSection
EndGlobal
